
Microsoft Visual Studio Solution File, Format Version 12.00
# Visual Studio Version 17
VisualStudioVersion = 17.0.31903.59
MinimumVisualStudioVersion = 10.0.40219.1
Project("{FAE04EC0-301F-11D3-BF4B-00C04F79EFBC}") = "AgentBell.Contracts", "src\AgentBell.Contracts\AgentBell.Contracts.csproj", "{44A17B49-8B18-46F2-A9D6-3D1387D5254B}"
EndProject
Project("{FAE04EC0-301F-11D3-BF4B-00C04F79EFBC}") = "AgentBell.Hook", "src\AgentBell.Hook\AgentBell.Hook.csproj", "{C28F6D3C-A253-42E4-A219-92DCB5A53589}"
EndProject
Project("{FAE04EC0-301F-11D3-BF4B-00C04F79EFBC}") = "AgentBell.Desktop", "src\AgentBell.Desktop\AgentBell.Desktop.csproj", "{A197CFE4-0EF4-43C8-A57A-13A5677EC9A1}"
EndProject
Project("{FAE04EC0-301F-11D3-BF4B-00C04F79EFBC}") = "AgentBell.Contracts.Tests", "tests\AgentBell.Contracts.Tests\AgentBell.Contracts.Tests.csproj", "{E46E29B9-7260-4C3D-A97F-1FB25BF58311}"
EndProject
Project("{FAE04EC0-301F-11D3-BF4B-00C04F79EFBC}") = "AgentBell.Hook.Tests", "tests\AgentBell.Hook.Tests\AgentBell.Hook.Tests.csproj", "{06123481-B0A8-4711-A441-F4F3D35376CB}"
EndProject
Project("{FAE04EC0-301F-11D3-BF4B-00C04F79EFBC}") = "AgentBell.Desktop.Tests", "tests\AgentBell.Desktop.Tests\AgentBell.Desktop.Tests.csproj", "{B2F94D15-B2F5-4A02-97C2-CC7A3E9245F4}"
EndProject
Project("{2150E333-8FDC-42A3-9474-1A3956D46DE8}") = "src", "src", "{827E0CD3-B72D-47B6-A68D-7590B98EB39B}"
EndProject
Project("{FAE04EC0-301F-11D3-BF4B-00C04F79EFBC}") = "AgentBell.Desktop.Core", "src\AgentBell.Desktop.Core\AgentBell.Desktop.Core.csproj", "{36682B59-F9CD-4BCD-BFAC-754F95E08DC6}"
EndProject
Project("{FAE04EC0-301F-11D3-BF4B-00C04F79EFBC}") = "AgentBell.Integration", "src\AgentBell.Integration\AgentBell.Integration.csproj", "{9FFD3ABF-06B5-4962-9055-A380544E8A80}"
EndProject
Project("{FAE04EC0-301F-11D3-BF4B-00C04F79EFBC}") = "AgentBell.Tray", "src\AgentBell.Tray\AgentBell.Tray.csproj", "{497A9F03-D841-4B69-B072-41F7052531FD}"
EndProject
Project("{2150E333-8FDC-42A3-9474-1A3956D46DE8}") = "tests", "tests", "{0AB3BF05-4346-4AA6-1389-037BE0695223}"
EndProject
Project("{FAE04EC0-301F-11D3-BF4B-00C04F79EFBC}") = "AgentBell.Integration.Tests", "tests\AgentBell.Integration.Tests\AgentBell.Integration.Tests.csproj", "{50CEBDCB-68EE-4099-84A0-A861359D9BB1}"
EndProject
Project("{FAE04EC0-301F-11D3-BF4B-00C04F79EFBC}") = "AgentBell.Tray.Tests", "tests\AgentBell.Tray.Tests\AgentBell.Tray.Tests.csproj", "{BAE9D2C8-652F-4CB8-9D5D-7FF2103AC9B0}"
EndProject
Project("{FAE04EC0-301F-11D3-BF4B-00C04F79EFBC}") = "AgentBell.Localization", "src\AgentBell.Localization\AgentBell.Localization.csproj", "{5BAF6589-658B-4A95-A4C9-C421CD1A04FB}"
EndProject
Project("{FAE04EC0-301F-11D3-BF4B-00C04F79EFBC}") = "AgentBell.Localization.Tests", "tests\AgentBell.Localization.Tests\AgentBell.Localization.Tests.csproj", "{208A334A-9E81-44BF-B896-32B58F7EEC77}"
EndProject
Global
	GlobalSection(SolutionConfigurationPlatforms) = preSolution
		Debug|Any CPU = Debug|Any CPU
		Debug|x64 = Debug|x64
		Debug|x86 = Debug|x86
		Release|Any CPU = Release|Any CPU
		Release|x64 = Release|x64
		Release|x86 = Release|x86
	EndGlobalSection
	GlobalSection(ProjectConfigurationPlatforms) = postSolution
		{44A17B49-8B18-46F2-A9D6-3D1387D5254B}.Debug|Any CPU.ActiveCfg = Debug|Any CPU
		{44A17B49-8B18-46F2-A9D6-3D1387D5254B}.Debug|Any CPU.Build.0 = Debug|Any CPU
		{44A17B49-8B18-46F2-A9D6-3D1387D5254B}.Debug|x64.ActiveCfg = Debug|Any CPU
		{44A17B49-8B18-46F2-A9D6-3D1387D5254B}.Debug|x64.Build.0 = Debug|Any CPU
		{44A17B49-8B18-46F2-A9D6-3D1387D5254B}.Debug|x86.ActiveCfg = Debug|Any CPU
		{44A17B49-8B18-46F2-A9D6-3D1387D5254B}.Debug|x86.Build.0 = Debug|Any CPU
		{44A17B49-8B18-46F2-A9D6-3D1387D5254B}.Release|Any CPU.ActiveCfg = Release|Any CPU
		{44A17B49-8B18-46F2-A9D6-3D1387D5254B}.Release|Any CPU.Build.0 = Release|Any CPU
		{44A17B49-8B18-46F2-A9D6-3D1387D5254B}.Release|x64.ActiveCfg = Release|Any CPU
		{44A17B49-8B18-46F2-A9D6-3D1387D5254B}.Release|x64.Build.0 = Release|Any CPU
		{44A17B49-8B18-46F2-A9D6-3D1387D5254B}.Release|x86.ActiveCfg = Release|Any CPU
		{44A17B49-8B18-46F2-A9D6-3D1387D5254B}.Release|x86.Build.0 = Release|Any CPU
		{C28F6D3C-A253-42E4-A219-92DCB5A53589}.Debug|Any CPU.ActiveCfg = Debug|Any CPU
		{C28F6D3C-A253-42E4-A219-92DCB5A53589}.Debug|Any CPU.Build.0 = Debug|Any CPU
		{C28F6D3C-A253-42E4-A219-92DCB5A53589}.Debug|x64.ActiveCfg = Debug|Any CPU
		{C28F6D3C-A253-42E4-A219-92DCB5A53589}.Debug|x64.Build.0 = Debug|Any CPU
		{C28F6D3C-A253-42E4-A219-92DCB5A53589}.Debug|x86.ActiveCfg = Debug|Any CPU
		{C28F6D3C-A253-42E4-A219-92DCB5A53589}.Debug|x86.Build.0 = Debug|Any CPU
		{C28F6D3C-A253-42E4-A219-92DCB5A53589}.Release|Any CPU.ActiveCfg = Release|Any CPU
		{C28F6D3C-A253-42E4-A219-92DCB5A53589}.Release|Any CPU.Build.0 = Release|Any CPU
		{C28F6D3C-A253-42E4-A219-92DCB5A53589}.Release|x64.ActiveCfg = Release|Any CPU
		{C28F6D3C-A253-42E4-A219-92DCB5A53589}.Release|x64.Build.0 = Release|Any CPU
		{C28F6D3C-A253-42E4-A219-92DCB5A53589}.Release|x86.ActiveCfg = Release|Any CPU
		{C28F6D3C-A253-42E4-A219-92DCB5A53589}.Release|x86.Build.0 = Release|Any CPU
		{A197CFE4-0EF4-43C8-A57A-13A5677EC9A1}.Debug|Any CPU.ActiveCfg = Debug|Any CPU
		{A197CFE4-0EF4-43C8-A57A-13A5677EC9A1}.Debug|Any CPU.Build.0 = Debug|Any CPU
		{A197CFE4-0EF4-43C8-A57A-13A5677EC9A1}.Debug|x64.ActiveCfg = Debug|Any CPU
		{A197CFE4-0EF4-43C8-A57A-13A5677EC9A1}.Debug|x64.Build.0 = Debug|Any CPU
		{A197CFE4-0EF4-43C8-A57A-13A5677EC9A1}.Debug|x86.ActiveCfg = Debug|Any CPU
		{A197CFE4-0EF4-43C8-A57A-13A5677EC9A1}.Debug|x86.Build.0 = Debug|Any CPU
		{A197CFE4-0EF4-43C8-A57A-13A5677EC9A1}.Release|Any CPU.ActiveCfg = Release|Any CPU
		{A197CFE4-0EF4-43C8-A57A-13A5677EC9A1}.Release|Any CPU.Build.0 = Release|Any CPU
		{A197CFE4-0EF4-43C8-A57A-13A5677EC9A1}.Release|x64.ActiveCfg = Release|Any CPU
		{A197CFE4-0EF4-43C8-A57A-13A5677EC9A1}.Release|x64.Build.0 = Release|Any CPU
		{A197CFE4-0EF4-43C8-A57A-13A5677EC9A1}.Release|x86.ActiveCfg = Release|Any CPU
		{A197CFE4-0EF4-43C8-A57A-13A5677EC9A1}.Release|x86.Build.0 = Release|Any CPU
		{E46E29B9-7260-4C3D-A97F-1FB25BF58311}.Debug|Any CPU.ActiveCfg = Debug|Any CPU
		{E46E29B9-7260-4C3D-A97F-1FB25BF58311}.Debug|Any CPU.Build.0 = Debug|Any CPU
		{E46E29B9-7260-4C3D-A97F-1FB25BF58311}.Debug|x64.ActiveCfg = Debug|Any CPU
		{E46E29B9-7260-4C3D-A97F-1FB25BF58311}.Debug|x64.Build.0 = Debug|Any CPU
		{E46E29B9-7260-4C3D-A97F-1FB25BF58311}.Debug|x86.ActiveCfg = Debug|Any CPU
		{E46E29B9-7260-4C3D-A97F-1FB25BF58311}.Debug|x86.Build.0 = Debug|Any CPU
		{E46E29B9-7260-4C3D-A97F-1FB25BF58311}.Release|Any CPU.ActiveCfg = Release|Any CPU
		{E46E29B9-7260-4C3D-A97F-1FB25BF58311}.Release|Any CPU.Build.0 = Release|Any CPU
		{E46E29B9-7260-4C3D-A97F-1FB25BF58311}.Release|x64.ActiveCfg = Release|Any CPU
		{E46E29B9-7260-4C3D-A97F-1FB25BF58311}.Release|x64.Build.0 = Release|Any CPU
		{E46E29B9-7260-4C3D-A97F-1FB25BF58311}.Release|x86.ActiveCfg = Release|Any CPU
		{E46E29B9-7260-4C3D-A97F-1FB25BF58311}.Release|x86.Build.0 = Release|Any CPU
		{06123481-B0A8-4711-A441-F4F3D35376CB}.Debug|Any CPU.ActiveCfg = Debug|Any CPU
		{06123481-B0A8-4711-A441-F4F3D35376CB}.Debug|Any CPU.Build.0 = Debug|Any CPU
		{06123481-B0A8-4711-A441-F4F3D35376CB}.Debug|x64.ActiveCfg = Debug|Any CPU
		{06123481-B0A8-4711-A441-F4F3D35376CB}.Debug|x64.Build.0 = Debug|Any CPU
		{06123481-B0A8-4711-A441-F4F3D35376CB}.Debug|x86.ActiveCfg = Debug|Any CPU
		{06123481-B0A8-4711-A441-F4F3D35376CB}.Debug|x86.Build.0 = Debug|Any CPU
		{06123481-B0A8-4711-A441-F4F3D35376CB}.Release|Any CPU.ActiveCfg = Release|Any CPU
		{06123481-B0A8-4711-A441-F4F3D35376CB}.Release|Any CPU.Build.0 = Release|Any CPU
		{06123481-B0A8-4711-A441-F4F3D35376CB}.Release|x64.ActiveCfg = Release|Any CPU
		{06123481-B0A8-4711-A441-F4F3D35376CB}.Release|x64.Build.0 = Release|Any CPU
		{06123481-B0A8-4711-A441-F4F3D35376CB}.Release|x86.ActiveCfg = Release|Any CPU
		{06123481-B0A8-4711-A441-F4F3D35376CB}.Release|x86.Build.0 = Release|Any CPU
		{B2F94D15-B2F5-4A02-97C2-CC7A3E9245F4}.Debug|Any CPU.ActiveCfg = Debug|Any CPU
		{B2F94D15-B2F5-4A02-97C2-CC7A3E9245F4}.Debug|Any CPU.Build.0 = Debug|Any CPU
		{B2F94D15-B2F5-4A02-97C2-CC7A3E9245F4}.Debug|x64.ActiveCfg = Debug|Any CPU
		{B2F94D15-B2F5-4A02-97C2-CC7A3E9245F4}.Debug|x64.Build.0 = Debug|Any CPU
		{B2F94D15-B2F5-4A02-97C2-CC7A3E9245F4}.Debug|x86.ActiveCfg = Debug|Any CPU
		{B2F94D15-B2F5-4A02-97C2-CC7A3E9245F4}.Debug|x86.Build.0 = Debug|Any CPU
		{B2F94D15-B2F5-4A02-97C2-CC7A3E9245F4}.Release|Any CPU.ActiveCfg = Release|Any CPU
		{B2F94D15-B2F5-4A02-97C2-CC7A3E9245F4}.Release|Any CPU.Build.0 = Release|Any CPU
		{B2F94D15-B2F5-4A02-97C2-CC7A3E9245F4}.Release|x64.ActiveCfg = Release|Any CPU
		{B2F94D15-B2F5-4A02-97C2-CC7A3E9245F4}.Release|x64.Build.0 = Release|Any CPU
		{B2F94D15-B2F5-4A02-97C2-CC7A3E9245F4}.Release|x86.ActiveCfg = Release|Any CPU
		{B2F94D15-B2F5-4A02-97C2-CC7A3E9245F4}.Release|x86.Build.0 = Release|Any CPU
		{36682B59-F9CD-4BCD-BFAC-754F95E08DC6}.Debug|Any CPU.ActiveCfg = Debug|Any CPU
		{36682B59-F9CD-4BCD-BFAC-754F95E08DC6}.Debug|Any CPU.Build.0 = Debug|Any CPU
		{36682B59-F9CD-4BCD-BFAC-754F95E08DC6}.Debug|x64.ActiveCfg = Debug|Any CPU
		{36682B59-F9CD-4BCD-BFAC-754F95E08DC6}.Debug|x64.Build.0 = Debug|Any CPU
		{36682B59-F9CD-4BCD-BFAC-754F95E08DC6}.Debug|x86.ActiveCfg = Debug|Any CPU
		{36682B59-F9CD-4BCD-BFAC-754F95E08DC6}.Debug|x86.Build.0 = Debug|Any CPU
		{36682B59-F9CD-4BCD-BFAC-754F95E08DC6}.Release|Any CPU.ActiveCfg = Release|Any CPU
		{36682B59-F9CD-4BCD-BFAC-754F95E08DC6}.Release|Any CPU.Build.0 = Release|Any CPU
		{36682B59-F9CD-4BCD-BFAC-754F95E08DC6}.Release|x64.ActiveCfg = Release|Any CPU
		{36682B59-F9CD-4BCD-BFAC-754F95E08DC6}.Release|x64.Build.0 = Release|Any CPU
		{36682B59-F9CD-4BCD-BFAC-754F95E08DC6}.Release|x86.ActiveCfg = Release|Any CPU
		{36682B59-F9CD-4BCD-BFAC-754F95E08DC6}.Release|x86.Build.0 = Release|Any CPU
		{9FFD3ABF-06B5-4962-9055-A380544E8A80}.Debug|Any CPU.ActiveCfg = Debug|Any CPU
		{9FFD3ABF-06B5-4962-9055-A380544E8A80}.Debug|Any CPU.Build.0 = Debug|Any CPU
		{9FFD3ABF-06B5-4962-9055-A380544E8A80}.Debug|x64.ActiveCfg = Debug|Any CPU
		{9FFD3ABF-06B5-4962-9055-A380544E8A80}.Debug|x64.Build.0 = Debug|Any CPU
		{9FFD3ABF-06B5-4962-9055-A380544E8A80}.Debug|x86.ActiveCfg = Debug|Any CPU
		{9FFD3ABF-06B5-4962-9055-A380544E8A80}.Debug|x86.Build.0 = Debug|Any CPU
		{9FFD3ABF-06B5-4962-9055-A380544E8A80}.Release|Any CPU.ActiveCfg = Release|Any CPU
		{9FFD3ABF-06B5-4962-9055-A380544E8A80}.Release|Any CPU.Build.0 = Release|Any CPU
		{9FFD3ABF-06B5-4962-9055-A380544E8A80}.Release|x64.ActiveCfg = Release|Any CPU
		{9FFD3ABF-06B5-4962-9055-A380544E8A80}.Release|x64.Build.0 = Release|Any CPU
		{9FFD3ABF-06B5-4962-9055-A380544E8A80}.Release|x86.ActiveCfg = Release|Any CPU
		{9FFD3ABF-06B5-4962-9055-A380544E8A80}.Release|x86.Build.0 = Release|Any CPU
		{497A9F03-D841-4B69-B072-41F7052531FD}.Debug|Any CPU.ActiveCfg = Debug|Any CPU
		{497A9F03-D841-4B69-B072-41F7052531FD}.Debug|Any CPU.Build.0 = Debug|Any CPU
		{497A9F03-D841-4B69-B072-41F7052531FD}.Debug|x64.ActiveCfg = Debug|Any CPU
		{497A9F03-D841-4B69-B072-41F7052531FD}.Debug|x64.Build.0 = Debug|Any CPU
		{497A9F03-D841-4B69-B072-41F7052531FD}.Debug|x86.ActiveCfg = Debug|Any CPU
		{497A9F03-D841-4B69-B072-41F7052531FD}.Debug|x86.Build.0 = Debug|Any CPU
		{497A9F03-D841-4B69-B072-41F7052531FD}.Release|Any CPU.ActiveCfg = Release|Any CPU
		{497A9F03-D841-4B69-B072-41F7052531FD}.Release|Any CPU.Build.0 = Release|Any CPU
		{497A9F03-D841-4B69-B072-41F7052531FD}.Release|x64.ActiveCfg = Release|Any CPU
		{497A9F03-D841-4B69-B072-41F7052531FD}.Release|x64.Build.0 = Release|Any CPU
		{497A9F03-D841-4B69-B072-41F7052531FD}.Release|x86.ActiveCfg = Release|Any CPU
		{497A9F03-D841-4B69-B072-41F7052531FD}.Release|x86.Build.0 = Release|Any CPU
		{50CEBDCB-68EE-4099-84A0-A861359D9BB1}.Debug|Any CPU.ActiveCfg = Debug|Any CPU
		{50CEBDCB-68EE-4099-84A0-A861359D9BB1}.Debug|Any CPU.Build.0 = Debug|Any CPU
		{50CEBDCB-68EE-4099-84A0-A861359D9BB1}.Debug|x64.ActiveCfg = Debug|Any CPU
		{50CEBDCB-68EE-4099-84A0-A861359D9BB1}.Debug|x64.Build.0 = Debug|Any CPU
		{50CEBDCB-68EE-4099-84A0-A861359D9BB1}.Debug|x86.ActiveCfg = Debug|Any CPU
		{50CEBDCB-68EE-4099-84A0-A861359D9BB1}.Debug|x86.Build.0 = Debug|Any CPU
		{50CEBDCB-68EE-4099-84A0-A861359D9BB1}.Release|Any CPU.ActiveCfg = Release|Any CPU
		{50CEBDCB-68EE-4099-84A0-A861359D9BB1}.Release|Any CPU.Build.0 = Release|Any CPU
		{50CEBDCB-68EE-4099-84A0-A861359D9BB1}.Release|x64.ActiveCfg = Release|Any CPU
		{50CEBDCB-68EE-4099-84A0-A861359D9BB1}.Release|x64.Build.0 = Release|Any CPU
		{50CEBDCB-68EE-4099-84A0-A861359D9BB1}.Release|x86.ActiveCfg = Release|Any CPU
		{50CEBDCB-68EE-4099-84A0-A861359D9BB1}.Release|x86.Build.0 = Release|Any CPU
		{BAE9D2C8-652F-4CB8-9D5D-7FF2103AC9B0}.Debug|Any CPU.ActiveCfg = Debug|Any CPU
		{BAE9D2C8-652F-4CB8-9D5D-7FF2103AC9B0}.Debug|Any CPU.Build.0 = Debug|Any CPU
		{BAE9D2C8-652F-4CB8-9D5D-7FF2103AC9B0}.Debug|x64.ActiveCfg = Debug|Any CPU
		{BAE9D2C8-652F-4CB8-9D5D-7FF2103AC9B0}.Debug|x64.Build.0 = Debug|Any CPU
		{BAE9D2C8-652F-4CB8-9D5D-7FF2103AC9B0}.Debug|x86.ActiveCfg = Debug|Any CPU
		{BAE9D2C8-652F-4CB8-9D5D-7FF2103AC9B0}.Debug|x86.Build.0 = Debug|Any CPU
		{BAE9D2C8-652F-4CB8-9D5D-7FF2103AC9B0}.Release|Any CPU.ActiveCfg = Release|Any CPU
		{BAE9D2C8-652F-4CB8-9D5D-7FF2103AC9B0}.Release|Any CPU.Build.0 = Release|Any CPU
		{BAE9D2C8-652F-4CB8-9D5D-7FF2103AC9B0}.Release|x64.ActiveCfg = Release|Any CPU
		{BAE9D2C8-652F-4CB8-9D5D-7FF2103AC9B0}.Release|x64.Build.0 = Release|Any CPU
		{BAE9D2C8-652F-4CB8-9D5D-7FF2103AC9B0}.Release|x86.ActiveCfg = Release|Any CPU
		{BAE9D2C8-652F-4CB8-9D5D-7FF2103AC9B0}.Release|x86.Build.0 = Release|Any CPU
		{5BAF6589-658B-4A95-A4C9-C421CD1A04FB}.Debug|Any CPU.ActiveCfg = Debug|Any CPU
		{5BAF6589-658B-4A95-A4C9-C421CD1A04FB}.Debug|Any CPU.Build.0 = Debug|Any CPU
		{5BAF6589-658B-4A95-A4C9-C421CD1A04FB}.Debug|x64.ActiveCfg = Debug|Any CPU
		{5BAF6589-658B-4A95-A4C9-C421CD1A04FB}.Debug|x64.Build.0 = Debug|Any CPU
		{5BAF6589-658B-4A95-A4C9-C421CD1A04FB}.Debug|x86.ActiveCfg = Debug|Any CPU
		{5BAF6589-658B-4A95-A4C9-C421CD1A04FB}.Debug|x86.Build.0 = Debug|Any CPU
		{5BAF6589-658B-4A95-A4C9-C421CD1A04FB}.Release|Any CPU.ActiveCfg = Release|Any CPU
		{5BAF6589-658B-4A95-A4C9-C421CD1A04FB}.Release|Any CPU.Build.0 = Release|Any CPU
		{5BAF6589-658B-4A95-A4C9-C421CD1A04FB}.Release|x64.ActiveCfg = Release|Any CPU
		{5BAF6589-658B-4A95-A4C9-C421CD1A04FB}.Release|x64.Build.0 = Release|Any CPU
		{5BAF6589-658B-4A95-A4C9-C421CD1A04FB}.Release|x86.ActiveCfg = Release|Any CPU
		{5BAF6589-658B-4A95-A4C9-C421CD1A04FB}.Release|x86.Build.0 = Release|Any CPU
		{208A334A-9E81-44BF-B896-32B58F7EEC77}.Debug|Any CPU.ActiveCfg = Debug|Any CPU
		{208A334A-9E81-44BF-B896-32B58F7EEC77}.Debug|Any CPU.Build.0 = Debug|Any CPU
		{208A334A-9E81-44BF-B896-32B58F7EEC77}.Debug|x64.ActiveCfg = Debug|Any CPU
		{208A334A-9E81-44BF-B896-32B58F7EEC77}.Debug|x64.Build.0 = Debug|Any CPU
		{208A334A-9E81-44BF-B896-32B58F7EEC77}.Debug|x86.ActiveCfg = Debug|Any CPU
		{208A334A-9E81-44BF-B896-32B58F7EEC77}.Debug|x86.Build.0 = Debug|Any CPU
		{208A334A-9E81-44BF-B896-32B58F7EEC77}.Release|Any CPU.ActiveCfg = Release|Any CPU
		{208A334A-9E81-44BF-B896-32B58F7EEC77}.Release|Any CPU.Build.0 = Release|Any CPU
		{208A334A-9E81-44BF-B896-32B58F7EEC77}.Release|x64.ActiveCfg = Release|Any CPU
		{208A334A-9E81-44BF-B896-32B58F7EEC77}.Release|x64.Build.0 = Release|Any CPU
		{208A334A-9E81-44BF-B896-32B58F7EEC77}.Release|x86.ActiveCfg = Release|Any CPU
		{208A334A-9E81-44BF-B896-32B58F7EEC77}.Release|x86.Build.0 = Release|Any CPU
	EndGlobalSection
	GlobalSection(SolutionProperties) = preSolution
		HideSolutionNode = FALSE
	EndGlobalSection
	GlobalSection(NestedProjects) = preSolution
		{36682B59-F9CD-4BCD-BFAC-754F95E08DC6} = {827E0CD3-B72D-47B6-A68D-7590B98EB39B}
		{9FFD3ABF-06B5-4962-9055-A380544E8A80} = {827E0CD3-B72D-47B6-A68D-7590B98EB39B}
		{497A9F03-D841-4B69-B072-41F7052531FD} = {827E0CD3-B72D-47B6-A68D-7590B98EB39B}
		{50CEBDCB-68EE-4099-84A0-A861359D9BB1} = {0AB3BF05-4346-4AA6-1389-037BE0695223}
		{BAE9D2C8-652F-4CB8-9D5D-7FF2103AC9B0} = {0AB3BF05-4346-4AA6-1389-037BE0695223}
		{5BAF6589-658B-4A95-A4C9-C421CD1A04FB} = {827E0CD3-B72D-47B6-A68D-7590B98EB39B}
		{208A334A-9E81-44BF-B896-32B58F7EEC77} = {0AB3BF05-4346-4AA6-1389-037BE0695223}
	EndGlobalSection
EndGlobal
